
Microsoft Visual Studio Solution File, Format Version 12.00
# Visual Studio Version 17
VisualStudioVersion = 17.8.34601.278
MinimumVisualStudioVersion = 10.0.40219.1
Project("{FAE04EC0-301F-11D3-BF4B-00C04F79EFBC}") = "Trabalho-LFA-Iago", "Trabalho-LFA-Iago\Trabalho-LFA-Iago.csproj", "{645B45E4-FAD0-4F94-93F8-0385AD80FD0E}"
EndProject
Global
	GlobalSection(SolutionConfigurationPlatforms) = preSolution
		Debug|Any CPU = Debug|Any CPU
		Release|Any CPU = Release|Any CPU
	EndGlobalSection
	GlobalSection(ProjectConfigurationPlatforms) = postSolution
		{645B45E4-FAD0-4F94-93F8-0385AD80FD0E}.Debug|Any CPU.ActiveCfg = Debug|Any CPU
		{645B45E4-FAD0-4F94-93F8-0385AD80FD0E}.Debug|Any CPU.Build.0 = Debug|Any CPU
		{645B45E4-FAD0-4F94-93F8-0385AD80FD0E}.Release|Any CPU.ActiveCfg = Release|Any CPU
		{645B45E4-FAD0-4F94-93F8-0385AD80FD0E}.Release|Any CPU.Build.0 = Release|Any CPU
	EndGlobalSection
	GlobalSection(SolutionProperties) = preSolution
		HideSolutionNode = FALSE
	EndGlobalSection
	GlobalSection(ExtensibilityGlobals) = postSolution
		SolutionGuid = {90090AA5-B84A-4445-98E4-7F10344122CC}
	EndGlobalSection
EndGlobal
